
Microsoft Visual Studio Solution File, Format Version 12.00
# Visual Studio 15
VisualStudioVersion = 15.0.28307.852
MinimumVisualStudioVersion = 10.0.40219.1
Project("{FAE04EC0-301F-11D3-BF4B-00C04F79EFBC}") = "TRMDataManager", "TRMDataManager\TRMDataManager.csproj", "{40D01933-4670-44E3-8D58-BAC854C62251}"
EndProject
Project("{00D1A9C2-B5F0-4AF3-8072-F6C62B433612}") = "TRMData", "TRMData\TRMData.sqlproj", "{353B34B9-FBB0-45BC-A11F-8B89DA069595}"
EndProject
Project("{FAE04EC0-301F-11D3-BF4B-00C04F79EFBC}") = "TRMDesktopUI", "TRMDesktopUI\TRMDesktopUI.csproj", "{7D16D1F5-68D8-473E-AE93-B8CE0FBD4FA3}"
EndProject
Project("{FAE04EC0-301F-11D3-BF4B-00C04F79EFBC}") = "TRMDataManager.Library", "TRMDataManager.Library\TRMDataManager.Library.csproj", "{56268370-04B0-4BDF-ACE7-5FE17FA9D6EF}"
EndProject
Global
	GlobalSection(SolutionConfigurationPlatforms) = preSolution
		Debug|Any CPU = Debug|Any CPU
		Release|Any CPU = Release|Any CPU
	EndGlobalSection
	GlobalSection(ProjectConfigurationPlatforms) = postSolution
		{40D01933-4670-44E3-8D58-BAC854C62251}.Debug|Any CPU.ActiveCfg = Debug|Any CPU
		{40D01933-4670-44E3-8D58-BAC854C62251}.Debug|Any CPU.Build.0 = Debug|Any CPU
		{40D01933-4670-44E3-8D58-BAC854C62251}.Release|Any CPU.ActiveCfg = Release|Any CPU
		{40D01933-4670-44E3-8D58-BAC854C62251}.Release|Any CPU.Build.0 = Release|Any CPU
		{353B34B9-FBB0-45BC-A11F-8B89DA069595}.Debug|Any CPU.ActiveCfg = Debug|Any CPU
		{353B34B9-FBB0-45BC-A11F-8B89DA069595}.Debug|Any CPU.Build.0 = Debug|Any CPU
		{353B34B9-FBB0-45BC-A11F-8B89DA069595}.Debug|Any CPU.Deploy.0 = Debug|Any CPU
		{353B34B9-FBB0-45BC-A11F-8B89DA069595}.Release|Any CPU.ActiveCfg = Release|Any CPU
		{353B34B9-FBB0-45BC-A11F-8B89DA069595}.Release|Any CPU.Build.0 = Release|Any CPU
		{353B34B9-FBB0-45BC-A11F-8B89DA069595}.Release|Any CPU.Deploy.0 = Release|Any CPU
		{7D16D1F5-68D8-473E-AE93-B8CE0FBD4FA3}.Debug|Any CPU.ActiveCfg = Debug|Any CPU
		{7D16D1F5-68D8-473E-AE93-B8CE0FBD4FA3}.Debug|Any CPU.Build.0 = Debug|Any CPU
		{7D16D1F5-68D8-473E-AE93-B8CE0FBD4FA3}.Release|Any CPU.ActiveCfg = Release|Any CPU
		{7D16D1F5-68D8-473E-AE93-B8CE0FBD4FA3}.Release|Any CPU.Build.0 = Release|Any CPU
		{56268370-04B0-4BDF-ACE7-5FE17FA9D6EF}.Debug|Any CPU.ActiveCfg = Debug|Any CPU
		{56268370-04B0-4BDF-ACE7-5FE17FA9D6EF}.Debug|Any CPU.Build.0 = Debug|Any CPU
		{56268370-04B0-4BDF-ACE7-5FE17FA9D6EF}.Release|Any CPU.ActiveCfg = Release|Any CPU
		{56268370-04B0-4BDF-ACE7-5FE17FA9D6EF}.Release|Any CPU.Build.0 = Release|Any CPU
	EndGlobalSection
	GlobalSection(SolutionProperties) = preSolution
		HideSolutionNode = FALSE
	EndGlobalSection
	GlobalSection(ExtensibilityGlobals) = postSolution
		SolutionGuid = {2AE5570B-E87E-40B3-BA1A-00ED806C9A81}
	EndGlobalSection
EndGlobal
